PODS:
  - Alamofire (4.7.2)
  - Crashlytics (3.10.2):
    - Fabric (~> 1.7.7)
  - Fabric (1.7.7)
  - Kanna (4.0.0)
  - Kingfisher (4.7.0)
  - MediaKeyTap (2.1.0)
  - Moya/Core (11.0.2):
    - Alamofire (~> 4.1)
    - Result (~> 3.0)
  - Moya/RxSwift (11.0.2):
    - Moya/Core
    - RxSwift (~> 4.0)
  - Nimble (7.0.3)
  - Quick (1.2.0)
  - Realm (3.2.0):
    - Realm/Headers (= 3.2.0)
  - Realm/Headers (3.2.0)
  - RealmSwift (3.2.0):
    - Realm (= 3.2.0)
  - Result (3.2.4)
  - RxBlocking (4.1.2):
    - RxSwift (~> 4.0)
  - RxCocoa (4.1.2):
    - RxSwift (~> 4.0)
  - RxRealm (0.7.5):
    - RealmSwift (~> 3.0)
    - RxSwift (~> 4.0)
  - RxRealmDataSources (0.2.9):
    - RealmSwift (~> 3.0)
    - RxCocoa (~> 4.0)
    - RxRealm (~> 0.7.3)
    - RxSwift (~> 4.0)
  - RxSwift (4.1.2)
  - RxTest (4.1.2):
    - RxSwift (~> 4.0)
  - SnapKit (4.0.0)

DEPENDENCIES:
  - Crashlytics
  - Fabric
  - Kanna (~> 4.0.0)
  - Kingfisher (~> 4.7)
  - MediaKeyTap
  - Moya/RxSwift (~> 11.0)
  - Nimble
  - Quick
  - RealmSwift
  - RxBlocking (~> 4.0)
  - RxCocoa (~> 4.0)
  - RxRealmDataSources
  - RxSwift (~> 4.0)
  - RxTest (~> 4.0)
  - SnapKit

SPEC REPOS:
  https://github.com/CocoaPods/Specs.git:
    - Alamofire
    - Crashlytics
    - Fabric
    - Kanna
    - Kingfisher
    - MediaKeyTap
    - Moya
    - Nimble
    - Quick
    - Realm
    - RealmSwift
    - Result
    - RxBlocking
    - RxCocoa
    - RxRealm
    - RxRealmDataSources
    - RxSwift
    - RxTest
    - SnapKit

SPEC CHECKSUMS:
  Alamofire: e4fa87002c137ba2d8d634d2c51fabcda0d5c223
  Crashlytics: 0360624eea1c978a743feddb2fb1ef8b37fb7a0d
  Fabric: bda89e242bce1b7b8ab264248cf3407774ce0095
  Kanna: d5ae2a26472f7e7a474e7f36a9cd8aa2c8c63ad3
  Kingfisher: da6b005aa96d37698e3e4f1ccfe96a5b9bbf27d6
  MediaKeyTap: 1849cb1882ebd1ece5fed6b3cec6565a5f30da00
  Moya: a725035953bc1c0eb1be505ab903984501d82440
  Nimble: 7f5a9c447a33002645a071bddafbfb24ea70e0ac
  Quick: 58d203b1c5e27fff7229c4c1ae445ad7069a7a08
  Realm: ae552b9b9eca3a12374a589fa842f220e286a80a
  RealmSwift: 05727129547dcab3fe828bd87bc30be903736b9c
  Result: d2d07204ce72856f1fd9130bbe42c35a7b0fea10
  RxBlocking: f6054985901412fc8c02daa84e92d4ba68c61389
  RxCocoa: d88ba0f1f6abf040011a9eb4b539324fc426843a
  RxRealm: a6c6c0a07cb61f34209969ca6657734edfdfff30
  RxRealmDataSources: 798303f1d7db18d80da9e95bab9605010378040e
  RxSwift: e49536837d9901277638493ea537394d4b55f570
  RxTest: e634f15fd2c2cd0e0120132ef7a4f7be69ad0393
  SnapKit: a42d492c16e80209130a3379f73596c3454b7694

PODFILE CHECKSUM: bcd4eb84e5b117bf9f024c37ad2c1f95471f1e3e

COCOAPODS: 1.5.0
