// !$*UTF8*$!
{
	archiveVersion = 1;
	classes = {
	};
	objectVersion = 48;
	objects = {

/* Begin PBXBuildFile section */
		0085C9E320A5948900CEFCA5 /* SideMenuViewController.swift in Sources */ = {isa = PBXBuildFile; fileRef = 0085C9E120A5948900CEFCA5 /* SideMenuViewController.swift */; };
		0085C9E420A5948900CEFCA5 /* SideMenuViewController.xib in Resources */ = {isa = PBXBuildFile; fileRef = 0085C9E220A5948900CEFCA5 /* SideMenuViewController.xib */; };
		0085C9E720A599CA00CEFCA5 /* SplitViewController.swift in Sources */ = {isa = PBXBuildFile; fileRef = 0085C9E620A599CA00CEFCA5 /* SplitViewController.swift */; };
		0085C9E920A5A02300CEFCA5 /* ResponsiveButton.swift in Sources */ = {isa = PBXBuildFile; fileRef = 0085C9E820A5A02300CEFCA5 /* ResponsiveButton.swift */; };
		0085C9ED20A5AD7900CEFCA5 /* PlayListViewController.swift in Sources */ = {isa = PBXBuildFile; fileRef = 0085C9EB20A5AD7900CEFCA5 /* PlayListViewController.swift */; };
		0085C9EE20A5AD7900CEFCA5 /* PlayListViewController.xib in Resources */ = {isa = PBXBuildFile; fileRef = 0085C9EC20A5AD7900CEFCA5 /* PlayListViewController.xib */; };
		0085C9F120A5AE1500CEFCA5 /* MusicCoverViewController.swift in Sources */ = {isa = PBXBuildFile; fileRef = 0085C9EF20A5AE1500CEFCA5 /* MusicCoverViewController.swift */; };
		0085C9F220A5AE1500CEFCA5 /* MusicCoverViewController.xib in Resources */ = {isa = PBXBuildFile; fileRef = 0085C9F020A5AE1500CEFCA5 /* MusicCoverViewController.xib */; };
		0085C9F420A5AE4D00CEFCA5 /* PlayerController.swift in Sources */ = {isa = PBXBuildFile; fileRef = 0085C9F320A5AE4D00CEFCA5 /* PlayerController.swift */; };
		0BBAD2039A96ACE75A857173 /* Pods_naver_music_for_mac.framework in Frameworks */ = {isa = PBXBuildFile; fileRef = 63BA5BB43280329660B98C4B /* Pods_naver_music_for_mac.framework */; };
		1DEBEF20739C8892B0655037 /* Pods_naver_music_for_macTests.framework in Frameworks */ = {isa = PBXBuildFile; fileRef = 83FDD90144E30356C14EE51E /* Pods_naver_music_for_macTests.framework */; };
		E0ABE5A620A5795900C28E77 /* MainMenu.xib in Resources */ = {isa = PBXBuildFile; fileRef = E0ABE5A520A5795900C28E77 /* MainMenu.xib */; };
		E0ABE5C320A57A8800C28E77 /* WindowController.swift in Sources */ = {isa = PBXBuildFile; fileRef = E0ABE5C120A57A8800C28E77 /* WindowController.swift */; };
		E0ABE5C420A57A8800C28E77 /* WindowController.xib in Resources */ = {isa = PBXBuildFile; fileRef = E0ABE5C220A57A8800C28E77 /* WindowController.xib */; };
		E0ABE5C720A9534200C28E77 /* NaverPage.swift in Sources */ = {isa = PBXBuildFile; fileRef = E0ABE5C620A9534200C28E77 /* NaverPage.swift */; };
		E0ABE5CA20A9AEE500C28E77 /* MusicBrowserSpec.swift in Sources */ = {isa = PBXBuildFile; fileRef = E0ABE5C920A9AEE500C28E77 /* MusicBrowserSpec.swift */; };
		E0ABE5CC20AA714700C28E77 /* TOPViewModel.swift in Sources */ = {isa = PBXBuildFile; fileRef = E0ABE5CB20AA714700C28E77 /* TOPViewModel.swift */; };
		E0ABE5CE20AA715800C28E77 /* TOPCellViewModel.swift in Sources */ = {isa = PBXBuildFile; fileRef = E0ABE5CD20AA715800C28E77 /* TOPCellViewModel.swift */; };
		E0ABE5D220AADA6A00C28E77 /* PlayListViewModel.swift in Sources */ = {isa = PBXBuildFile; fileRef = E0ABE5D120AADA6A00C28E77 /* PlayListViewModel.swift */; };
		E0ABE5D420AADB5800C28E77 /* PlayListCellView.swift in Sources */ = {isa = PBXBuildFile; fileRef = E0ABE5D320AADB5800C28E77 /* PlayListCellView.swift */; };
		E0ABE5D620AADDC400C28E77 /* PlayListCellViewModel.swift in Sources */ = {isa = PBXBuildFile; fileRef = E0ABE5D520AADDC400C28E77 /* PlayListCellViewModel.swift */; };
		E0ABE5E120AD541E00C28E77 /* Container.swift in Sources */ = {isa = PBXBuildFile; fileRef = E0ABE5E020AD541E00C28E77 /* Container.swift */; };
		E0ABE5E320AD7AA000C28E77 /* PlayListSpec.swift in Sources */ = {isa = PBXBuildFile; fileRef = E0ABE5E220AD7AA000C28E77 /* PlayListSpec.swift */; };
		E0ABE5E520AE762C00C28E77 /* SideMenuViewModel.swift in Sources */ = {isa = PBXBuildFile; fileRef = E0ABE5E420AE762C00C28E77 /* SideMenuViewModel.swift */; };
		E0ABE5F220AEB0E500C28E77 /* SettingViewController.swift in Sources */ = {isa = PBXBuildFile; fileRef = E0ABE5F020AEB0E500C28E77 /* SettingViewController.swift */; };
		E0ABE5F320AEB0E500C28E77 /* SettingViewController.xib in Resources */ = {isa = PBXBuildFile; fileRef = E0ABE5F120AEB0E500C28E77 /* SettingViewController.xib */; };
		E0ABE5F720AEB0FB00C28E77 /* SignViewController.swift in Sources */ = {isa = PBXBuildFile; fileRef = E0ABE5F520AEB0FB00C28E77 /* SignViewController.swift */; };
		E0ABE5F820AEB0FB00C28E77 /* SignViewController.xib in Resources */ = {isa = PBXBuildFile; fileRef = E0ABE5F620AEB0FB00C28E77 /* SignViewController.xib */; };
		E0ABE5FA20AEB39D00C28E77 /* AuthService.swift in Sources */ = {isa = PBXBuildFile; fileRef = E0ABE5F920AEB39D00C28E77 /* AuthService.swift */; };
		E0ABE5FF20B26F7F00C28E77 /* Repository.swift in Sources */ = {isa = PBXBuildFile; fileRef = E0ABE5FE20B26F7F00C28E77 /* Repository.swift */; };
		E0ABE60120B274B700C28E77 /* MusicStateRepository.swift in Sources */ = {isa = PBXBuildFile; fileRef = E0ABE60020B274B700C28E77 /* MusicStateRepository.swift */; };
		E0ABE60320B289E400C28E77 /* PlayListRepository.swift in Sources */ = {isa = PBXBuildFile; fileRef = E0ABE60220B289E400C28E77 /* PlayListRepository.swift */; };
		E0ABE60520B2A43000C28E77 /* MusicList.swift in Sources */ = {isa = PBXBuildFile; fileRef = E0ABE60420B2A43000C28E77 /* MusicList.swift */; };
		E0ABE60920B2AE5C00C28E77 /* MusicListViewController.swift in Sources */ = {isa = PBXBuildFile; fileRef = E0ABE60720B2AE5C00C28E77 /* MusicListViewController.swift */; };
		E0ABE60A20B2AE5C00C28E77 /* MusicListViewController.xib in Resources */ = {isa = PBXBuildFile; fileRef = E0ABE60820B2AE5C00C28E77 /* MusicListViewController.xib */; };
		E0ABE60E20B2B88000C28E77 /* MyListParser.swift in Sources */ = {isa = PBXBuildFile; fileRef = E0ABE60D20B2B88000C28E77 /* MyListParser.swift */; };
		E0ABE61220B2BF1C00C28E77 /* MusicListParser.swift in Sources */ = {isa = PBXBuildFile; fileRef = E0ABE61120B2BF1C00C28E77 /* MusicListParser.swift */; };
		E837904B20A086BE006BCBBF /* AppDelegate.swift in Sources */ = {isa = PBXBuildFile; fileRef = E837904A20A086BE006BCBBF /* AppDelegate.swift */; };
		E837904D20A086BE006BCBBF /* Assets.xcassets in Resources */ = {isa = PBXBuildFile; fileRef = E837904C20A086BE006BCBBF /* Assets.xcassets */; };
		E837905C20A086BE006BCBBF /* naver_music_for_macTests.swift in Sources */ = {isa = PBXBuildFile; fileRef = E837905B20A086BE006BCBBF /* naver_music_for_macTests.swift */; };
		E85B8D4D20A6C39A007D3C90 /* Music.swift in Sources */ = {isa = PBXBuildFile; fileRef = E85B8D4C20A6C39A007D3C90 /* Music.swift */; };
		E85B8D4F20A6C680007D3C90 /* Album.swift in Sources */ = {isa = PBXBuildFile; fileRef = E85B8D4E20A6C680007D3C90 /* Album.swift */; };
		E85B8D5120A6C696007D3C90 /* Artist.swift in Sources */ = {isa = PBXBuildFile; fileRef = E85B8D5020A6C696007D3C90 /* Artist.swift */; };
		E85B8D5320A6C6DF007D3C90 /* Playlist.swift in Sources */ = {isa = PBXBuildFile; fileRef = E85B8D5220A6C6DF007D3C90 /* Playlist.swift */; };
		E85B8D5720A715AA007D3C90 /* TOPViewController.swift in Sources */ = {isa = PBXBuildFile; fileRef = E85B8D5520A715AA007D3C90 /* TOPViewController.swift */; };
		E85B8D5820A715AA007D3C90 /* TOPViewController.xib in Resources */ = {isa = PBXBuildFile; fileRef = E85B8D5620A715AA007D3C90 /* TOPViewController.xib */; };
		E85B8D5A20A71EA0007D3C90 /* TOPTableCellView.swift in Sources */ = {isa = PBXBuildFile; fileRef = E85B8D5920A71EA0007D3C90 /* TOPTableCellView.swift */; };
		E85B8D5D20A7FD72007D3C90 /* PlayerService.swift in Sources */ = {isa = PBXBuildFile; fileRef = E85B8D5C20A7FD72007D3C90 /* PlayerService.swift */; };
		E85B8D5F20A7FEBA007D3C90 /* MusicBrowser.swift in Sources */ = {isa = PBXBuildFile; fileRef = E85B8D5E20A7FEBA007D3C90 /* MusicBrowser.swift */; };
		E85B8D8C20A81C25007D3C90 /* TOPParser.swift in Sources */ = {isa = PBXBuildFile; fileRef = E85B8D8B20A81C25007D3C90 /* TOPParser.swift */; };
		E85B8D9120A81F41007D3C90 /* TOPParserSpec.swift in Sources */ = {isa = PBXBuildFile; fileRef = E85B8D9020A81F41007D3C90 /* TOPParserSpec.swift */; };
		E85B8D9420A82469007D3C90 /* TOP.html in Resources */ = {isa = PBXBuildFile; fileRef = E85B8D9320A82469007D3C90 /* TOP.html */; };
		E874D24A20A9E650009534E3 /* AlbumSpec.swift in Sources */ = {isa = PBXBuildFile; fileRef = E874D24920A9E650009534E3 /* AlbumSpec.swift */; };
		E8D9204520AD9A7C001F18DC /* MusicCoverViewModel.swift in Sources */ = {isa = PBXBuildFile; fileRef = E8D9204420AD9A7C001F18DC /* MusicCoverViewModel.swift */; };
		E8D9204720ADB97A001F18DC /* MusicState.swift in Sources */ = {isa = PBXBuildFile; fileRef = E8D9204620ADB97A001F18DC /* MusicState.swift */; };
/* End PBXBuildFile section */

/* Begin PBXContainerItemProxy section */
		E837905820A086BE006BCBBF /* PBXContainerItemProxy */ = {
			isa = PBXContainerItemProxy;
			containerPortal = E837903F20A086BE006BCBBF /* Project object */;
			proxyType = 1;
			remoteGlobalIDString = E837904620A086BE006BCBBF;
			remoteInfo = "naver-music-for-mac";
		};
/* End PBXContainerItemProxy section */

/* Begin PBXFileReference section */
		0085C9E120A5948900CEFCA5 /* SideMenuViewController.swift */ = {isa = PBXFileReference; lastKnownFileType = sourcecode.swift; path = SideMenuViewController.swift; sourceTree = "<group>"; };
		0085C9E220A5948900CEFCA5 /* SideMenuViewController.xib */ = {isa = PBXFileReference; lastKnownFileType = file.xib; path = SideMenuViewController.xib; sourceTree = "<group>"; };
		0085C9E620A599CA00CEFCA5 /* SplitViewController.swift */ = {isa = PBXFileReference; lastKnownFileType = sourcecode.swift; path = SplitViewController.swift; sourceTree = "<group>"; };
		0085C9E820A5A02300CEFCA5 /* ResponsiveButton.swift */ = {isa = PBXFileReference; lastKnownFileType = sourcecode.swift; path = ResponsiveButton.swift; sourceTree = "<group>"; };
		0085C9EB20A5AD7900CEFCA5 /* PlayListViewController.swift */ = {isa = PBXFileReference; lastKnownFileType = sourcecode.swift; path = PlayListViewController.swift; sourceTree = "<group>"; };
		0085C9EC20A5AD7900CEFCA5 /* PlayListViewController.xib */ = {isa = PBXFileReference; lastKnownFileType = file.xib; path = PlayListViewController.xib; sourceTree = "<group>"; };
		0085C9EF20A5AE1500CEFCA5 /* MusicCoverViewController.swift */ = {isa = PBXFileReference; lastKnownFileType = sourcecode.swift; path = MusicCoverViewController.swift; sourceTree = "<group>"; };
		0085C9F020A5AE1500CEFCA5 /* MusicCoverViewController.xib */ = {isa = PBXFileReference; lastKnownFileType = file.xib; path = MusicCoverViewController.xib; sourceTree = "<group>"; };
		0085C9F320A5AE4D00CEFCA5 /* PlayerController.swift */ = {isa = PBXFileReference; lastKnownFileType = sourcecode.swift; path = PlayerController.swift; sourceTree = "<group>"; };
		63BA5BB43280329660B98C4B /* Pods_naver_music_for_mac.framework */ = {isa = PBXFileReference; explicitFileType = wrapper.framework; includeInIndex = 0; path = Pods_naver_music_for_mac.framework; sourceTree = BUILT_PRODUCTS_DIR; };
		7C088D875D5E3480DFE3C105 /* Pods-naver-music-for-mac.release.xcconfig */ = {isa = PBXFileReference; includeInIndex = 1; lastKnownFileType = text.xcconfig; name = "Pods-naver-music-for-mac.release.xcconfig"; path = "Pods/Target Support Files/Pods-naver-music-for-mac/Pods-naver-music-for-mac.release.xcconfig"; sourceTree = "<group>"; };
		8097FFEA310C198CABC3865F /* Pods-naver-music-for-macTests.release.xcconfig */ = {isa = PBXFileReference; includeInIndex = 1; lastKnownFileType = text.xcconfig; name = "Pods-naver-music-for-macTests.release.xcconfig"; path = "Pods/Target Support Files/Pods-naver-music-for-macTests/Pods-naver-music-for-macTests.release.xcconfig"; sourceTree = "<group>"; };
		83FDD90144E30356C14EE51E /* Pods_naver_music_for_macTests.framework */ = {isa = PBXFileReference; explicitFileType = wrapper.framework; includeInIndex = 0; path = Pods_naver_music_for_macTests.framework; sourceTree = BUILT_PRODUCTS_DIR; };
		E0ABE5A520A5795900C28E77 /* MainMenu.xib */ = {isa = PBXFileReference; lastKnownFileType = file.xib; path = MainMenu.xib; sourceTree = "<group>"; };
		E0ABE5C120A57A8800C28E77 /* WindowController.swift */ = {isa = PBXFileReference; lastKnownFileType = sourcecode.swift; path = WindowController.swift; sourceTree = "<group>"; };
		E0ABE5C220A57A8800C28E77 /* WindowController.xib */ = {isa = PBXFileReference; lastKnownFileType = file.xib; path = WindowController.xib; sourceTree = "<group>"; };
		E0ABE5C620A9534200C28E77 /* NaverPage.swift */ = {isa = PBXFileReference; lastKnownFileType = sourcecode.swift; path = NaverPage.swift; sourceTree = "<group>"; };
		E0ABE5C920A9AEE500C28E77 /* MusicBrowserSpec.swift */ = {isa = PBXFileReference; lastKnownFileType = sourcecode.swift; path = MusicBrowserSpec.swift; sourceTree = "<group>"; };
		E0ABE5CB20AA714700C28E77 /* TOPViewModel.swift */ = {isa = PBXFileReference; lastKnownFileType = sourcecode.swift; path = TOPViewModel.swift; sourceTree = "<group>"; wrapsLines = 0; };
		E0ABE5CD20AA715800C28E77 /* TOPCellViewModel.swift */ = {isa = PBXFileReference; lastKnownFileType = sourcecode.swift; path = TOPCellViewModel.swift; sourceTree = "<group>"; };
		E0ABE5D120AADA6A00C28E77 /* PlayListViewModel.swift */ = {isa = PBXFileReference; lastKnownFileType = sourcecode.swift; path = PlayListViewModel.swift; sourceTree = "<group>"; };
		E0ABE5D320AADB5800C28E77 /* PlayListCellView.swift */ = {isa = PBXFileReference; lastKnownFileType = sourcecode.swift; path = PlayListCellView.swift; sourceTree = "<group>"; };
		E0ABE5D520AADDC400C28E77 /* PlayListCellViewModel.swift */ = {isa = PBXFileReference; lastKnownFileType = sourcecode.swift; path = PlayListCellViewModel.swift; sourceTree = "<group>"; };
		E0ABE5E020AD541E00C28E77 /* Container.swift */ = {isa = PBXFileReference; lastKnownFileType = sourcecode.swift; path = Container.swift; sourceTree = "<group>"; };
		E0ABE5E220AD7AA000C28E77 /* PlayListSpec.swift */ = {isa = PBXFileReference; lastKnownFileType = sourcecode.swift; path = PlayListSpec.swift; sourceTree = "<group>"; };
		E0ABE5E420AE762C00C28E77 /* SideMenuViewModel.swift */ = {isa = PBXFileReference; lastKnownFileType = sourcecode.swift; path = SideMenuViewModel.swift; sourceTree = "<group>"; };
		E0ABE5F020AEB0E500C28E77 /* SettingViewController.swift */ = {isa = PBXFileReference; lastKnownFileType = sourcecode.swift; path = SettingViewController.swift; sourceTree = "<group>"; };
		E0ABE5F120AEB0E500C28E77 /* SettingViewController.xib */ = {isa = PBXFileReference; lastKnownFileType = file.xib; path = SettingViewController.xib; sourceTree = "<group>"; };
		E0ABE5F520AEB0FB00C28E77 /* SignViewController.swift */ = {isa = PBXFileReference; lastKnownFileType = sourcecode.swift; path = SignViewController.swift; sourceTree = "<group>"; };
		E0ABE5F620AEB0FB00C28E77 /* SignViewController.xib */ = {isa = PBXFileReference; lastKnownFileType = file.xib; path = SignViewController.xib; sourceTree = "<group>"; };
		E0ABE5F920AEB39D00C28E77 /* AuthService.swift */ = {isa = PBXFileReference; lastKnownFileType = sourcecode.swift; path = AuthService.swift; sourceTree = "<group>"; };
		E0ABE5FE20B26F7F00C28E77 /* Repository.swift */ = {isa = PBXFileReference; lastKnownFileType = sourcecode.swift; path = Repository.swift; sourceTree = "<group>"; };
		E0ABE60020B274B700C28E77 /* MusicStateRepository.swift */ = {isa = PBXFileReference; lastKnownFileType = sourcecode.swift; path = MusicStateRepository.swift; sourceTree = "<group>"; };
		E0ABE60220B289E400C28E77 /* PlayListRepository.swift */ = {isa = PBXFileReference; lastKnownFileType = sourcecode.swift; path = PlayListRepository.swift; sourceTree = "<group>"; };
		E0ABE60420B2A43000C28E77 /* MusicList.swift */ = {isa = PBXFileReference; lastKnownFileType = sourcecode.swift; path = MusicList.swift; sourceTree = "<group>"; };
		E0ABE60720B2AE5C00C28E77 /* MusicListViewController.swift */ = {isa = PBXFileReference; lastKnownFileType = sourcecode.swift; path = MusicListViewController.swift; sourceTree = "<group>"; };
		E0ABE60820B2AE5C00C28E77 /* MusicListViewController.xib */ = {isa = PBXFileReference; lastKnownFileType = file.xib; path = MusicListViewController.xib; sourceTree = "<group>"; };
		E0ABE60D20B2B88000C28E77 /* MyListParser.swift */ = {isa = PBXFileReference; lastKnownFileType = sourcecode.swift; path = MyListParser.swift; sourceTree = "<group>"; };
		E0ABE61120B2BF1C00C28E77 /* MusicListParser.swift */ = {isa = PBXFileReference; lastKnownFileType = sourcecode.swift; path = MusicListParser.swift; sourceTree = "<group>"; };
		E837904720A086BE006BCBBF /* 네이버 뮤직.app */ = {isa = PBXFileReference; explicitFileType = wrapper.application; includeInIndex = 0; path = "네이버 뮤직.app"; sourceTree = BUILT_PRODUCTS_DIR; };
		E837904A20A086BE006BCBBF /* AppDelegate.swift */ = {isa = PBXFileReference; lastKnownFileType = sourcecode.swift; path = AppDelegate.swift; sourceTree = "<group>"; };
		E837904C20A086BE006BCBBF /* Assets.xcassets */ = {isa = PBXFileReference; lastKnownFileType = folder.assetcatalog; path = Assets.xcassets; sourceTree = "<group>"; };
		E837905120A086BE006BCBBF /* Info.plist */ = {isa = PBXFileReference; lastKnownFileType = text.plist.xml; path = Info.plist; sourceTree = "<group>"; };
		E837905220A086BE006BCBBF /* naver_music_for_mac.entitlements */ = {isa = PBXFileReference; lastKnownFileType = text.plist.entitlements; path = naver_music_for_mac.entitlements; sourceTree = "<group>"; };
		E837905720A086BE006BCBBF /* naver-music-for-macTests.xctest */ = {isa = PBXFileReference; explicitFileType = wrapper.cfbundle; includeInIndex = 0; path = "naver-music-for-macTests.xctest"; sourceTree = BUILT_PRODUCTS_DIR; };
		E837905B20A086BE006BCBBF /* naver_music_for_macTests.swift */ = {isa = PBXFileReference; lastKnownFileType = sourcecode.swift; path = naver_music_for_macTests.swift; sourceTree = "<group>"; };
		E837905D20A086BE006BCBBF /* Info.plist */ = {isa = PBXFileReference; lastKnownFileType = text.plist.xml; path = Info.plist; sourceTree = "<group>"; };
		E85B8D4C20A6C39A007D3C90 /* Music.swift */ = {isa = PBXFileReference; lastKnownFileType = sourcecode.swift; path = Music.swift; sourceTree = "<group>"; };
		E85B8D4E20A6C680007D3C90 /* Album.swift */ = {isa = PBXFileReference; lastKnownFileType = sourcecode.swift; path = Album.swift; sourceTree = "<group>"; };
		E85B8D5020A6C696007D3C90 /* Artist.swift */ = {isa = PBXFileReference; lastKnownFileType = sourcecode.swift; path = Artist.swift; sourceTree = "<group>"; };
		E85B8D5220A6C6DF007D3C90 /* Playlist.swift */ = {isa = PBXFileReference; lastKnownFileType = sourcecode.swift; path = Playlist.swift; sourceTree = "<group>"; };
		E85B8D5520A715AA007D3C90 /* TOPViewController.swift */ = {isa = PBXFileReference; lastKnownFileType = sourcecode.swift; path = TOPViewController.swift; sourceTree = "<group>"; };
		E85B8D5620A715AA007D3C90 /* TOPViewController.xib */ = {isa = PBXFileReference; lastKnownFileType = file.xib; path = TOPViewController.xib; sourceTree = "<group>"; };
		E85B8D5920A71EA0007D3C90 /* TOPTableCellView.swift */ = {isa = PBXFileReference; lastKnownFileType = sourcecode.swift; path = TOPTableCellView.swift; sourceTree = "<group>"; };
		E85B8D5C20A7FD72007D3C90 /* PlayerService.swift */ = {isa = PBXFileReference; lastKnownFileType = sourcecode.swift; path = PlayerService.swift; sourceTree = "<group>"; };
		E85B8D5E20A7FEBA007D3C90 /* MusicBrowser.swift */ = {isa = PBXFileReference; lastKnownFileType = sourcecode.swift; path = MusicBrowser.swift; sourceTree = "<group>"; };
		E85B8D8B20A81C25007D3C90 /* TOPParser.swift */ = {isa = PBXFileReference; lastKnownFileType = sourcecode.swift; path = TOPParser.swift; sourceTree = "<group>"; };
		E85B8D9020A81F41007D3C90 /* TOPParserSpec.swift */ = {isa = PBXFileReference; lastKnownFileType = sourcecode.swift; path = TOPParserSpec.swift; sourceTree = "<group>"; };
		E85B8D9320A82469007D3C90 /* TOP.html */ = {isa = PBXFileReference; fileEncoding = 4; lastKnownFileType = text.html; path = TOP.html; sourceTree = "<group>"; };
		E874D24920A9E650009534E3 /* AlbumSpec.swift */ = {isa = PBXFileReference; lastKnownFileType = sourcecode.swift; path = AlbumSpec.swift; sourceTree = "<group>"; };
		E8D9204420AD9A7C001F18DC /* MusicCoverViewModel.swift */ = {isa = PBXFileReference; lastKnownFileType = sourcecode.swift; path = MusicCoverViewModel.swift; sourceTree = "<group>"; };
		E8D9204620ADB97A001F18DC /* MusicState.swift */ = {isa = PBXFileReference; lastKnownFileType = sourcecode.swift; path = MusicState.swift; sourceTree = "<group>"; };
		E9BAD0CA7CD569DB40407340 /* Pods-naver-music-for-mac.debug.xcconfig */ = {isa = PBXFileReference; includeInIndex = 1; lastKnownFileType = text.xcconfig; name = "Pods-naver-music-for-mac.debug.xcconfig"; path = "Pods/Target Support Files/Pods-naver-music-for-mac/Pods-naver-music-for-mac.debug.xcconfig"; sourceTree = "<group>"; };
		FE24D2F5A83349241FD9881F /* Pods-naver-music-for-macTests.debug.xcconfig */ = {isa = PBXFileReference; includeInIndex = 1; lastKnownFileType = text.xcconfig; name = "Pods-naver-music-for-macTests.debug.xcconfig"; path = "Pods/Target Support Files/Pods-naver-music-for-macTests/Pods-naver-music-for-macTests.debug.xcconfig"; sourceTree = "<group>"; };
/* End PBXFileReference section */

/* Begin PBXFrameworksBuildPhase section */
		E837904420A086BE006BCBBF /* Frameworks */ = {
			isa = PBXFrameworksBuildPhase;
			buildActionMask = 2147483647;
			files = (
				0BBAD2039A96ACE75A857173 /* Pods_naver_music_for_mac.framework in Frameworks */,
			);
			runOnlyForDeploymentPostprocessing = 0;
		};
		E837905420A086BE006BCBBF /* Frameworks */ = {
			isa = PBXFrameworksBuildPhase;
			buildActionMask = 2147483647;
			files = (
				1DEBEF20739C8892B0655037 /* Pods_naver_music_for_macTests.framework in Frameworks */,
			);
			runOnlyForDeploymentPostprocessing = 0;
		};
/* End PBXFrameworksBuildPhase section */

/* Begin PBXGroup section */
		0085C9DF20A592D800CEFCA5 /* Screens */ = {
			isa = PBXGroup;
			children = (
				E0ABE60620B2AE4200C28E77 /* MyList */,
				E85B8D5420A7159A007D3C90 /* TOP */,
				0085C9EA20A5AC9300CEFCA5 /* Player */,
				E0ABE5EF20AEB0D000C28E77 /* Setting */,
				E0ABE5F420AEB0E800C28E77 /* Sign */,
				0085C9E020A5946F00CEFCA5 /* SideMenu */,
			);
			path = Screens;
			sourceTree = "<group>";
		};
		0085C9E020A5946F00CEFCA5 /* SideMenu */ = {
			isa = PBXGroup;
			children = (
				E0ABE5E420AE762C00C28E77 /* SideMenuViewModel.swift */,
				0085C9E120A5948900CEFCA5 /* SideMenuViewController.swift */,
				0085C9E220A5948900CEFCA5 /* SideMenuViewController.xib */,
			);
			path = SideMenu;
			sourceTree = "<group>";
		};
		0085C9E520A599AF00CEFCA5 /* Component */ = {
			isa = PBXGroup;
			children = (
				0085C9E620A599CA00CEFCA5 /* SplitViewController.swift */,
				0085C9E820A5A02300CEFCA5 /* ResponsiveButton.swift */,
			);
			path = Component;
			sourceTree = "<group>";
		};
		0085C9EA20A5AC9300CEFCA5 /* Player */ = {
			isa = PBXGroup;
			children = (
				E0ABE5D120AADA6A00C28E77 /* PlayListViewModel.swift */,
				0085C9EB20A5AD7900CEFCA5 /* PlayListViewController.swift */,
				0085C9EC20A5AD7900CEFCA5 /* PlayListViewController.xib */,
				E0ABE5D520AADDC400C28E77 /* PlayListCellViewModel.swift */,
				E0ABE5D320AADB5800C28E77 /* PlayListCellView.swift */,
				E8D9204420AD9A7C001F18DC /* MusicCoverViewModel.swift */,
				0085C9EF20A5AE1500CEFCA5 /* MusicCoverViewController.swift */,
				0085C9F020A5AE1500CEFCA5 /* MusicCoverViewController.xib */,
				0085C9F320A5AE4D00CEFCA5 /* PlayerController.swift */,
			);
			path = Player;
			sourceTree = "<group>";
		};
		971E7684D73AA1A188553876 /* Pods */ = {
			isa = PBXGroup;
			children = (
				E9BAD0CA7CD569DB40407340 /* Pods-naver-music-for-mac.debug.xcconfig */,
				7C088D875D5E3480DFE3C105 /* Pods-naver-music-for-mac.release.xcconfig */,
				FE24D2F5A83349241FD9881F /* Pods-naver-music-for-macTests.debug.xcconfig */,
				8097FFEA310C198CABC3865F /* Pods-naver-music-for-macTests.release.xcconfig */,
			);
			name = Pods;
			sourceTree = "<group>";
		};
		A63601EE047FE8CDEC93CC09 /* Frameworks */ = {
			isa = PBXGroup;
			children = (
				63BA5BB43280329660B98C4B /* Pods_naver_music_for_mac.framework */,
				83FDD90144E30356C14EE51E /* Pods_naver_music_for_macTests.framework */,
			);
			name = Frameworks;
			sourceTree = "<group>";
		};
		E0ABE5C520A9530700C28E77 /* Network */ = {
			isa = PBXGroup;
			children = (
				E0ABE5C620A9534200C28E77 /* NaverPage.swift */,
			);
			path = Network;
			sourceTree = "<group>";
		};
		E0ABE5C820A9AEB500C28E77 /* Core */ = {
			isa = PBXGroup;
			children = (
				E85B8D8F20A81F28007D3C90 /* Parser */,
				E0ABE5C920A9AEE500C28E77 /* MusicBrowserSpec.swift */,
			);
			path = Core;
			sourceTree = "<group>";
		};
		E0ABE5DF20AD540B00C28E77 /* Utils */ = {
			isa = PBXGroup;
			children = (
				E0ABE5E020AD541E00C28E77 /* Container.swift */,
				E0ABE5F920AEB39D00C28E77 /* AuthService.swift */,
			);
			path = Utils;
			sourceTree = "<group>";
		};
		E0ABE5EF20AEB0D000C28E77 /* Setting */ = {
			isa = PBXGroup;
			children = (
				E0ABE5F020AEB0E500C28E77 /* SettingViewController.swift */,
				E0ABE5F120AEB0E500C28E77 /* SettingViewController.xib */,
			);
			path = Setting;
			sourceTree = "<group>";
		};
		E0ABE5F420AEB0E800C28E77 /* Sign */ = {
			isa = PBXGroup;
			children = (
				E0ABE5F520AEB0FB00C28E77 /* SignViewController.swift */,
				E0ABE5F620AEB0FB00C28E77 /* SignViewController.xib */,
			);
			path = Sign;
			sourceTree = "<group>";
		};
		E0ABE5FD20B26E8C00C28E77 /* Repository */ = {
			isa = PBXGroup;
			children = (
				E0ABE5FE20B26F7F00C28E77 /* Repository.swift */,
				E0ABE60020B274B700C28E77 /* MusicStateRepository.swift */,
				E0ABE60220B289E400C28E77 /* PlayListRepository.swift */,
			);
			path = Repository;
			sourceTree = "<group>";
		};
		E0ABE60620B2AE4200C28E77 /* MyList */ = {
			isa = PBXGroup;
			children = (
				E0ABE60720B2AE5C00C28E77 /* MusicListViewController.swift */,
				E0ABE60820B2AE5C00C28E77 /* MusicListViewController.xib */,
			);
			path = MyList;
			sourceTree = "<group>";
		};
		E837903E20A086BE006BCBBF = {
			isa = PBXGroup;
			children = (
				E837904920A086BE006BCBBF /* naver-music-for-mac */,
				E837905A20A086BE006BCBBF /* naver-music-for-macTests */,
				E837904820A086BE006BCBBF /* Products */,
				971E7684D73AA1A188553876 /* Pods */,
				A63601EE047FE8CDEC93CC09 /* Frameworks */,
			);
			sourceTree = "<group>";
		};
		E837904820A086BE006BCBBF /* Products */ = {
			isa = PBXGroup;
			children = (
				E837904720A086BE006BCBBF /* 네이버 뮤직.app */,
				E837905720A086BE006BCBBF /* naver-music-for-macTests.xctest */,
			);
			name = Products;
			sourceTree = "<group>";
		};
		E837904920A086BE006BCBBF /* naver-music-for-mac */ = {
			isa = PBXGroup;
			children = (
				E0ABE5FD20B26E8C00C28E77 /* Repository */,
				E0ABE5DF20AD540B00C28E77 /* Utils */,
				E0ABE5C520A9530700C28E77 /* Network */,
				E85B8D5B20A73F20007D3C90 /* Core */,
				E85B8D4B20A6C38E007D3C90 /* Models */,
				0085C9E520A599AF00CEFCA5 /* Component */,
				0085C9DF20A592D800CEFCA5 /* Screens */,
				E837904A20A086BE006BCBBF /* AppDelegate.swift */,
				E837904C20A086BE006BCBBF /* Assets.xcassets */,
				E837905120A086BE006BCBBF /* Info.plist */,
				E837905220A086BE006BCBBF /* naver_music_for_mac.entitlements */,
				E0ABE5A520A5795900C28E77 /* MainMenu.xib */,
				E0ABE5C120A57A8800C28E77 /* WindowController.swift */,
				E0ABE5C220A57A8800C28E77 /* WindowController.xib */,
			);
			path = "naver-music-for-mac";
			sourceTree = "<group>";
		};
		E837905A20A086BE006BCBBF /* naver-music-for-macTests */ = {
			isa = PBXGroup;
			children = (
				E0ABE5C820A9AEB500C28E77 /* Core */,
				E874D24820A9E640009534E3 /* Models */,
				E837905B20A086BE006BCBBF /* naver_music_for_macTests.swift */,
				E837905D20A086BE006BCBBF /* Info.plist */,
			);
			path = "naver-music-for-macTests";
			sourceTree = "<group>";
		};
		E85B8D4B20A6C38E007D3C90 /* Models */ = {
			isa = PBXGroup;
			children = (
				E85B8D4C20A6C39A007D3C90 /* Music.swift */,
				E85B8D4E20A6C680007D3C90 /* Album.swift */,
				E85B8D5020A6C696007D3C90 /* Artist.swift */,
				E85B8D5220A6C6DF007D3C90 /* Playlist.swift */,
				E8D9204620ADB97A001F18DC /* MusicState.swift */,
				E0ABE60420B2A43000C28E77 /* MusicList.swift */,
			);
			path = Models;
			sourceTree = "<group>";
		};
		E85B8D5420A7159A007D3C90 /* TOP */ = {
			isa = PBXGroup;
			children = (
				E0ABE5CD20AA715800C28E77 /* TOPCellViewModel.swift */,
				E85B8D5520A715AA007D3C90 /* TOPViewController.swift */,
				E85B8D5620A715AA007D3C90 /* TOPViewController.xib */,
				E0ABE5CB20AA714700C28E77 /* TOPViewModel.swift */,
				E85B8D5920A71EA0007D3C90 /* TOPTableCellView.swift */,
			);
			path = TOP;
			sourceTree = "<group>";
		};
		E85B8D5B20A73F20007D3C90 /* Core */ = {
			isa = PBXGroup;
			children = (
				E85B8D8A20A81C16007D3C90 /* Parser */,
				E85B8D5C20A7FD72007D3C90 /* PlayerService.swift */,
				E85B8D5E20A7FEBA007D3C90 /* MusicBrowser.swift */,
			);
			path = Core;
			sourceTree = "<group>";
		};
		E85B8D8A20A81C16007D3C90 /* Parser */ = {
			isa = PBXGroup;
			children = (
				E85B8D8B20A81C25007D3C90 /* TOPParser.swift */,
				E0ABE60D20B2B88000C28E77 /* MyListParser.swift */,
				E0ABE61120B2BF1C00C28E77 /* MusicListParser.swift */,
			);
			path = Parser;
			sourceTree = "<group>";
		};
		E85B8D8F20A81F28007D3C90 /* Parser */ = {
			isa = PBXGroup;
			children = (
				E85B8D9220A8243A007D3C90 /* HTML */,
				E85B8D9020A81F41007D3C90 /* TOPParserSpec.swift */,
			);
			path = Parser;
			sourceTree = "<group>";
		};
		E85B8D9220A8243A007D3C90 /* HTML */ = {
			isa = PBXGroup;
			children = (
				E85B8D9320A82469007D3C90 /* TOP.html */,
			);
			path = HTML;
			sourceTree = "<group>";
		};
		E874D24820A9E640009534E3 /* Models */ = {
			isa = PBXGroup;
			children = (
				E874D24920A9E650009534E3 /* AlbumSpec.swift */,
				E0ABE5E220AD7AA000C28E77 /* PlayListSpec.swift */,
			);
			path = Models;
			sourceTree = "<group>";
		};
/* End PBXGroup section */

/* Begin PBXNativeTarget section */
		E837904620A086BE006BCBBF /* naver-music-for-mac */ = {
			isa = PBXNativeTarget;
			buildConfigurationList = E837906020A086BE006BCBBF /* Build configuration list for PBXNativeTarget "naver-music-for-mac" */;
			buildPhases = (
				050A819515C65D87CB1C0147 /* [CP] Check Pods Manifest.lock */,
				E837904320A086BE006BCBBF /* Sources */,
				E837904420A086BE006BCBBF /* Frameworks */,
				E837904520A086BE006BCBBF /* Resources */,
				6014E9F4103E7C293F1E870D /* [CP] Embed Pods Frameworks */,
			);
			buildRules = (
			);
			dependencies = (
			);
			name = "naver-music-for-mac";
			productName = "naver-music-for-mac";
			productReference = E837904720A086BE006BCBBF /* 네이버 뮤직.app */;
			productType = "com.apple.product-type.application";
		};
		E837905620A086BE006BCBBF /* naver-music-for-macTests */ = {
			isa = PBXNativeTarget;
			buildConfigurationList = E837906320A086BE006BCBBF /* Build configuration list for PBXNativeTarget "naver-music-for-macTests" */;
			buildPhases = (
				F09BD6A826358EE6859DA7D1 /* [CP] Check Pods Manifest.lock */,
				E837905320A086BE006BCBBF /* Sources */,
				E837905420A086BE006BCBBF /* Frameworks */,
				E837905520A086BE006BCBBF /* Resources */,
				649AD78537546EC5278014FD /* [CP] Embed Pods Frameworks */,
			);
			buildRules = (
			);
			dependencies = (
				E837905920A086BE006BCBBF /* PBXTargetDependency */,
			);
			name = "naver-music-for-macTests";
			productName = "naver-music-for-macTests";
			productReference = E837905720A086BE006BCBBF /* naver-music-for-macTests.xctest */;
			productType = "com.apple.product-type.bundle.unit-test";
		};
/* End PBXNativeTarget section */

/* Begin PBXProject section */
		E837903F20A086BE006BCBBF /* Project object */ = {
			isa = PBXProject;
			attributes = {
				LastSwiftUpdateCheck = 0920;
				LastUpgradeCheck = 0920;
				ORGANIZATIONNAME = Kimjisoo;
				TargetAttributes = {
					E837904620A086BE006BCBBF = {
						CreatedOnToolsVersion = 9.2;
						ProvisioningStyle = Automatic;
					};
					E837905620A086BE006BCBBF = {
						CreatedOnToolsVersion = 9.2;
						ProvisioningStyle = Automatic;
						TestTargetID = E837904620A086BE006BCBBF;
					};
				};
			};
			buildConfigurationList = E837904220A086BE006BCBBF /* Build configuration list for PBXProject "naver-music-for-mac" */;
			compatibilityVersion = "Xcode 8.0";
			developmentRegion = en;
			hasScannedForEncodings = 0;
			knownRegions = (
				en,
				Base,
			);
			mainGroup = E837903E20A086BE006BCBBF;
			productRefGroup = E837904820A086BE006BCBBF /* Products */;
			projectDirPath = "";
			projectRoot = "";
			targets = (
				E837904620A086BE006BCBBF /* naver-music-for-mac */,
				E837905620A086BE006BCBBF /* naver-music-for-macTests */,
			);
		};
/* End PBXProject section */

/* Begin PBXResourcesBuildPhase section */
		E837904520A086BE006BCBBF /* Resources */ = {
			isa = PBXResourcesBuildPhase;
			buildActionMask = 2147483647;
			files = (
				0085C9F220A5AE1500CEFCA5 /* MusicCoverViewController.xib in Resources */,
				0085C9E420A5948900CEFCA5 /* SideMenuViewController.xib in Resources */,
				E0ABE60A20B2AE5C00C28E77 /* MusicListViewController.xib in Resources */,
				E85B8D5820A715AA007D3C90 /* TOPViewController.xib in Resources */,
				E837904D20A086BE006BCBBF /* Assets.xcassets in Resources */,
				0085C9EE20A5AD7900CEFCA5 /* PlayListViewController.xib in Resources */,
				E0ABE5C420A57A8800C28E77 /* WindowController.xib in Resources */,
				E0ABE5A620A5795900C28E77 /* MainMenu.xib in Resources */,
				E0ABE5F820AEB0FB00C28E77 /* SignViewController.xib in Resources */,
				E0ABE5F320AEB0E500C28E77 /* SettingViewController.xib in Resources */,
			);
			runOnlyForDeploymentPostprocessing = 0;
		};
		E837905520A086BE006BCBBF /* Resources */ = {
			isa = PBXResourcesBuildPhase;
			buildActionMask = 2147483647;
			files = (
				E85B8D9420A82469007D3C90 /* TOP.html in Resources */,
			);
			runOnlyForDeploymentPostprocessing = 0;
		};
/* End PBXResourcesBuildPhase section */

/* Begin PBXShellScriptBuildPhase section */
		050A819515C65D87CB1C0147 /* [CP] Check Pods Manifest.lock */ = {
			isa = PBXShellScriptBuildPhase;
			buildActionMask = 2147483647;
			files = (
			);
			inputPaths = (
				"${PODS_PODFILE_DIR_PATH}/Podfile.lock",
				"${PODS_ROOT}/Manifest.lock",
			);
			name = "[CP] Check Pods Manifest.lock";
			outputPaths = (
				"$(DERIVED_FILE_DIR)/Pods-naver-music-for-mac-checkManifestLockResult.txt",
			);
			runOnlyForDeploymentPostprocessing = 0;
			shellPath = /bin/sh;
			shellScript = "diff \"${PODS_PODFILE_DIR_PATH}/Podfile.lock\" \"${PODS_ROOT}/Manifest.lock\" > /dev/null\nif [ $? != 0 ] ; then\n    # print error to STDERR\n    echo \"error: The sandbox is not in sync with the Podfile.lock. Run 'pod install' or update your CocoaPods installation.\" >&2\n    exit 1\nfi\n# This output is used by Xcode 'outputs' to avoid re-running this script phase.\necho \"SUCCESS\" > \"${SCRIPT_OUTPUT_FILE_0}\"\n";
			showEnvVarsInLog = 0;
		};
		6014E9F4103E7C293F1E870D /* [CP] Embed Pods Frameworks */ = {
			isa = PBXShellScriptBuildPhase;
			buildActionMask = 2147483647;
			files = (
			);
			inputPaths = (
				"${SRCROOT}/Pods/Target Support Files/Pods-naver-music-for-mac/Pods-naver-music-for-mac-frameworks.sh",
				"${BUILT_PRODUCTS_DIR}/Alamofire/Alamofire.framework",
				"${BUILT_PRODUCTS_DIR}/Kanna/Kanna.framework",
				"${BUILT_PRODUCTS_DIR}/Kingfisher/Kingfisher.framework",
				"${BUILT_PRODUCTS_DIR}/Moya/Moya.framework",
				"${BUILT_PRODUCTS_DIR}/Realm/Realm.framework",
				"${BUILT_PRODUCTS_DIR}/RealmSwift/RealmSwift.framework",
				"${BUILT_PRODUCTS_DIR}/Result/Result.framework",
				"${BUILT_PRODUCTS_DIR}/RxCocoa/RxCocoa.framework",
				"${BUILT_PRODUCTS_DIR}/RxRealm/RxRealm.framework",
				"${BUILT_PRODUCTS_DIR}/RxRealmDataSources/RxRealmDataSources.framework",
				"${BUILT_PRODUCTS_DIR}/RxSwift/RxSwift.framework",
				"${BUILT_PRODUCTS_DIR}/Swinject/Swinject.framework",
			);
			name = "[CP] Embed Pods Frameworks";
			outputPaths = (
				"${TARGET_BUILD_DIR}/${FRAMEWORKS_FOLDER_PATH}/Alamofire.framework",
				"${TARGET_BUILD_DIR}/${FRAMEWORKS_FOLDER_PATH}/Kanna.framework",
				"${TARGET_BUILD_DIR}/${FRAMEWORKS_FOLDER_PATH}/Kingfisher.framework",
				"${TARGET_BUILD_DIR}/${FRAMEWORKS_FOLDER_PATH}/Moya.framework",
				"${TARGET_BUILD_DIR}/${FRAMEWORKS_FOLDER_PATH}/Realm.framework",
				"${TARGET_BUILD_DIR}/${FRAMEWORKS_FOLDER_PATH}/RealmSwift.framework",
				"${TARGET_BUILD_DIR}/${FRAMEWORKS_FOLDER_PATH}/Result.framework",
				"${TARGET_BUILD_DIR}/${FRAMEWORKS_FOLDER_PATH}/RxCocoa.framework",
				"${TARGET_BUILD_DIR}/${FRAMEWORKS_FOLDER_PATH}/RxRealm.framework",
				"${TARGET_BUILD_DIR}/${FRAMEWORKS_FOLDER_PATH}/RxRealmDataSources.framework",
				"${TARGET_BUILD_DIR}/${FRAMEWORKS_FOLDER_PATH}/RxSwift.framework",
				"${TARGET_BUILD_DIR}/${FRAMEWORKS_FOLDER_PATH}/Swinject.framework",
			);
			runOnlyForDeploymentPostprocessing = 0;
			shellPath = /bin/sh;
			shellScript = "\"${SRCROOT}/Pods/Target Support Files/Pods-naver-music-for-mac/Pods-naver-music-for-mac-frameworks.sh\"\n";
			showEnvVarsInLog = 0;
		};
		649AD78537546EC5278014FD /* [CP] Embed Pods Frameworks */ = {
			isa = PBXShellScriptBuildPhase;
			buildActionMask = 2147483647;
			files = (
			);
			inputPaths = (
				"${SRCROOT}/Pods/Target Support Files/Pods-naver-music-for-macTests/Pods-naver-music-for-macTests-frameworks.sh",
				"${BUILT_PRODUCTS_DIR}/RxSwift/RxSwift.framework",
				"${BUILT_PRODUCTS_DIR}/Nimble/Nimble.framework",
				"${BUILT_PRODUCTS_DIR}/Quick/Quick.framework",
				"${BUILT_PRODUCTS_DIR}/RxBlocking/RxBlocking.framework",
				"${BUILT_PRODUCTS_DIR}/RxTest/RxTest.framework",
			);
			name = "[CP] Embed Pods Frameworks";
			outputPaths = (
				"${TARGET_BUILD_DIR}/${FRAMEWORKS_FOLDER_PATH}/RxSwift.framework",
				"${TARGET_BUILD_DIR}/${FRAMEWORKS_FOLDER_PATH}/Nimble.framework",
				"${TARGET_BUILD_DIR}/${FRAMEWORKS_FOLDER_PATH}/Quick.framework",
				"${TARGET_BUILD_DIR}/${FRAMEWORKS_FOLDER_PATH}/RxBlocking.framework",
				"${TARGET_BUILD_DIR}/${FRAMEWORKS_FOLDER_PATH}/RxTest.framework",
			);
			runOnlyForDeploymentPostprocessing = 0;
			shellPath = /bin/sh;
			shellScript = "\"${SRCROOT}/Pods/Target Support Files/Pods-naver-music-for-macTests/Pods-naver-music-for-macTests-frameworks.sh\"\n";
			showEnvVarsInLog = 0;
		};
		F09BD6A826358EE6859DA7D1 /* [CP] Check Pods Manifest.lock */ = {
			isa = PBXShellScriptBuildPhase;
			buildActionMask = 2147483647;
			files = (
			);
			inputPaths = (
				"${PODS_PODFILE_DIR_PATH}/Podfile.lock",
				"${PODS_ROOT}/Manifest.lock",
			);
			name = "[CP] Check Pods Manifest.lock";
			outputPaths = (
				"$(DERIVED_FILE_DIR)/Pods-naver-music-for-macTests-checkManifestLockResult.txt",
			);
			runOnlyForDeploymentPostprocessing = 0;
			shellPath = /bin/sh;
			shellScript = "diff \"${PODS_PODFILE_DIR_PATH}/Podfile.lock\" \"${PODS_ROOT}/Manifest.lock\" > /dev/null\nif [ $? != 0 ] ; then\n    # print error to STDERR\n    echo \"error: The sandbox is not in sync with the Podfile.lock. Run 'pod install' or update your CocoaPods installation.\" >&2\n    exit 1\nfi\n# This output is used by Xcode 'outputs' to avoid re-running this script phase.\necho \"SUCCESS\" > \"${SCRIPT_OUTPUT_FILE_0}\"\n";
			showEnvVarsInLog = 0;
		};
/* End PBXShellScriptBuildPhase section */

/* Begin PBXSourcesBuildPhase section */
		E837904320A086BE006BCBBF /* Sources */ = {
			isa = PBXSourcesBuildPhase;
			buildActionMask = 2147483647;
			files = (
				E0ABE5F220AEB0E500C28E77 /* SettingViewController.swift in Sources */,
				E0ABE5FA20AEB39D00C28E77 /* AuthService.swift in Sources */,
				E0ABE5D220AADA6A00C28E77 /* PlayListViewModel.swift in Sources */,
				E8D9204520AD9A7C001F18DC /* MusicCoverViewModel.swift in Sources */,
				E0ABE60E20B2B88000C28E77 /* MyListParser.swift in Sources */,
				E837904B20A086BE006BCBBF /* AppDelegate.swift in Sources */,
				E0ABE61220B2BF1C00C28E77 /* MusicListParser.swift in Sources */,
				E85B8D5A20A71EA0007D3C90 /* TOPTableCellView.swift in Sources */,
				E0ABE60920B2AE5C00C28E77 /* MusicListViewController.swift in Sources */,
				E0ABE5CC20AA714700C28E77 /* TOPViewModel.swift in Sources */,
				E0ABE5F720AEB0FB00C28E77 /* SignViewController.swift in Sources */,
				E85B8D5F20A7FEBA007D3C90 /* MusicBrowser.swift in Sources */,
				E85B8D5720A715AA007D3C90 /* TOPViewController.swift in Sources */,
				E0ABE5FF20B26F7F00C28E77 /* Repository.swift in Sources */,
				E0ABE5D420AADB5800C28E77 /* PlayListCellView.swift in Sources */,
				0085C9E320A5948900CEFCA5 /* SideMenuViewController.swift in Sources */,
				E0ABE5C720A9534200C28E77 /* NaverPage.swift in Sources */,
				E0ABE60520B2A43000C28E77 /* MusicList.swift in Sources */,
				E0ABE5D620AADDC400C28E77 /* PlayListCellViewModel.swift in Sources */,
				0085C9F420A5AE4D00CEFCA5 /* PlayerController.swift in Sources */,
				E0ABE5E120AD541E00C28E77 /* Container.swift in Sources */,
				0085C9ED20A5AD7900CEFCA5 /* PlayListViewController.swift in Sources */,
				E0ABE5C320A57A8800C28E77 /* WindowController.swift in Sources */,
				E85B8D5120A6C696007D3C90 /* Artist.swift in Sources */,
				E0ABE60320B289E400C28E77 /* PlayListRepository.swift in Sources */,
				E8D9204720ADB97A001F18DC /* MusicState.swift in Sources */,
				E0ABE60120B274B700C28E77 /* MusicStateRepository.swift in Sources */,
				E85B8D4D20A6C39A007D3C90 /* Music.swift in Sources */,
				0085C9F120A5AE1500CEFCA5 /* MusicCoverViewController.swift in Sources */,
				0085C9E720A599CA00CEFCA5 /* SplitViewController.swift in Sources */,
				E85B8D8C20A81C25007D3C90 /* TOPParser.swift in Sources */,
				0085C9E920A5A02300CEFCA5 /* ResponsiveButton.swift in Sources */,
				E0ABE5CE20AA715800C28E77 /* TOPCellViewModel.swift in Sources */,
				E0ABE5E520AE762C00C28E77 /* SideMenuViewModel.swift in Sources */,
				E85B8D4F20A6C680007D3C90 /* Album.swift in Sources */,
				E85B8D5D20A7FD72007D3C90 /* PlayerService.swift in Sources */,
				E85B8D5320A6C6DF007D3C90 /* Playlist.swift in Sources */,
			);
			runOnlyForDeploymentPostprocessing = 0;
		};
		E837905320A086BE006BCBBF /* Sources */ = {
			isa = PBXSourcesBuildPhase;
			buildActionMask = 2147483647;
			files = (
				E837905C20A086BE006BCBBF /* naver_music_for_macTests.swift in Sources */,
				E0ABE5CA20A9AEE500C28E77 /* MusicBrowserSpec.swift in Sources */,
				E874D24A20A9E650009534E3 /* AlbumSpec.swift in Sources */,
				E0ABE5E320AD7AA000C28E77 /* PlayListSpec.swift in Sources */,
				E85B8D9120A81F41007D3C90 /* TOPParserSpec.swift in Sources */,
			);
			runOnlyForDeploymentPostprocessing = 0;
		};
/* End PBXSourcesBuildPhase section */

/* Begin PBXTargetDependency section */
		E837905920A086BE006BCBBF /* PBXTargetDependency */ = {
			isa = PBXTargetDependency;
			target = E837904620A086BE006BCBBF /* naver-music-for-mac */;
			targetProxy = E837905820A086BE006BCBBF /* PBXContainerItemProxy */;
		};
/* End PBXTargetDependency section */

/* Begin XCBuildConfiguration section */
		E837905E20A086BE006BCBBF /* Debug */ = {
			isa = XCBuildConfiguration;
			buildSettings = {
				ALWAYS_SEARCH_USER_PATHS = NO;
				CLANG_ANALYZER_NONNULL = YES;
				CLANG_ANALYZER_NUMBER_OBJECT_CONVERSION = YES_AGGRESSIVE;
				CLANG_CXX_LANGUAGE_STANDARD = "gnu++14";
				CLANG_CXX_LIBRARY = "libc++";
				CLANG_ENABLE_MODULES = YES;
				CLANG_ENABLE_OBJC_ARC = YES;
				CLANG_WARN_BLOCK_CAPTURE_AUTORELEASING = YES;
				CLANG_WARN_BOOL_CONVERSION = YES;
				CLANG_WARN_COMMA = YES;
				CLANG_WARN_CONSTANT_CONVERSION = YES;
				CLANG_WARN_DIRECT_OBJC_ISA_USAGE = YES_ERROR;
				CLANG_WARN_DOCUMENTATION_COMMENTS = YES;
				CLANG_WARN_EMPTY_BODY = YES;
				CLANG_WARN_ENUM_CONVERSION = YES;
				CLANG_WARN_INFINITE_RECURSION = YES;
				CLANG_WARN_INT_CONVERSION = YES;
				CLANG_WARN_NON_LITERAL_NULL_CONVERSION = YES;
				CLANG_WARN_OBJC_LITERAL_CONVERSION = YES;
				CLANG_WARN_OBJC_ROOT_CLASS = YES_ERROR;
				CLANG_WARN_RANGE_LOOP_ANALYSIS = YES;
				CLANG_WARN_STRICT_PROTOTYPES = YES;
				CLANG_WARN_SUSPICIOUS_MOVE = YES;
				CLANG_WARN_UNGUARDED_AVAILABILITY = YES_AGGRESSIVE;
				CLANG_WARN_UNREACHABLE_CODE = YES;
				CLANG_WARN__DUPLICATE_METHOD_MATCH = YES;
				CODE_SIGN_IDENTITY = "-";
				COPY_PHASE_STRIP = NO;
				DEBUG_INFORMATION_FORMAT = dwarf;
				ENABLE_STRICT_OBJC_MSGSEND = YES;
				ENABLE_TESTABILITY = YES;
				GCC_C_LANGUAGE_STANDARD = gnu11;
				GCC_DYNAMIC_NO_PIC = NO;
				GCC_NO_COMMON_BLOCKS = YES;
				GCC_OPTIMIZATION_LEVEL = 0;
				GCC_PREPROCESSOR_DEFINITIONS = (
					"DEBUG=1",
					"$(inherited)",
				);
				GCC_WARN_64_TO_32_BIT_CONVERSION = YES;
				GCC_WARN_ABOUT_RETURN_TYPE = YES_ERROR;
				GCC_WARN_UNDECLARED_SELECTOR = YES;
				GCC_WARN_UNINITIALIZED_AUTOS = YES_AGGRESSIVE;
				GCC_WARN_UNUSED_FUNCTION = YES;
				GCC_WARN_UNUSED_VARIABLE = YES;
				MACOSX_DEPLOYMENT_TARGET = 10.12;
				MTL_ENABLE_DEBUG_INFO = YES;
				ONLY_ACTIVE_ARCH = YES;
				SDKROOT = macosx;
				SWIFT_ACTIVE_COMPILATION_CONDITIONS = DEBUG;
				SWIFT_OPTIMIZATION_LEVEL = "-Onone";
			};
			name = Debug;
		};
		E837905F20A086BE006BCBBF /* Release */ = {
			isa = XCBuildConfiguration;
			buildSettings = {
				ALWAYS_SEARCH_USER_PATHS = NO;
				CLANG_ANALYZER_NONNULL = YES;
				CLANG_ANALYZER_NUMBER_OBJECT_CONVERSION = YES_AGGRESSIVE;
				CLANG_CXX_LANGUAGE_STANDARD = "gnu++14";
				CLANG_CXX_LIBRARY = "libc++";
				CLANG_ENABLE_MODULES = YES;
				CLANG_ENABLE_OBJC_ARC = YES;
				CLANG_WARN_BLOCK_CAPTURE_AUTORELEASING = YES;
				CLANG_WARN_BOOL_CONVERSION = YES;
				CLANG_WARN_COMMA = YES;
				CLANG_WARN_CONSTANT_CONVERSION = YES;
				CLANG_WARN_DIRECT_OBJC_ISA_USAGE = YES_ERROR;
				CLANG_WARN_DOCUMENTATION_COMMENTS = YES;
				CLANG_WARN_EMPTY_BODY = YES;
				CLANG_WARN_ENUM_CONVERSION = YES;
				CLANG_WARN_INFINITE_RECURSION = YES;
				CLANG_WARN_INT_CONVERSION = YES;
				CLANG_WARN_NON_LITERAL_NULL_CONVERSION = YES;
				CLANG_WARN_OBJC_LITERAL_CONVERSION = YES;
				CLANG_WARN_OBJC_ROOT_CLASS = YES_ERROR;
				CLANG_WARN_RANGE_LOOP_ANALYSIS = YES;
				CLANG_WARN_STRICT_PROTOTYPES = YES;
				CLANG_WARN_SUSPICIOUS_MOVE = YES;
				CLANG_WARN_UNGUARDED_AVAILABILITY = YES_AGGRESSIVE;
				CLANG_WARN_UNREACHABLE_CODE = YES;
				CLANG_WARN__DUPLICATE_METHOD_MATCH = YES;
				CODE_SIGN_IDENTITY = "-";
				COPY_PHASE_STRIP = NO;
				DEBUG_INFORMATION_FORMAT = "dwarf-with-dsym";
				ENABLE_NS_ASSERTIONS = NO;
				ENABLE_STRICT_OBJC_MSGSEND = YES;
				GCC_C_LANGUAGE_STANDARD = gnu11;
				GCC_NO_COMMON_BLOCKS = YES;
				GCC_WARN_64_TO_32_BIT_CONVERSION = YES;
				GCC_WARN_ABOUT_RETURN_TYPE = YES_ERROR;
				GCC_WARN_UNDECLARED_SELECTOR = YES;
				GCC_WARN_UNINITIALIZED_AUTOS = YES_AGGRESSIVE;
				GCC_WARN_UNUSED_FUNCTION = YES;
				GCC_WARN_UNUSED_VARIABLE = YES;
				MACOSX_DEPLOYMENT_TARGET = 10.12;
				MTL_ENABLE_DEBUG_INFO = NO;
				SDKROOT = macosx;
				SWIFT_OPTIMIZATION_LEVEL = "-Owholemodule";
			};
			name = Release;
		};
		E837906120A086BE006BCBBF /* Debug */ = {
			isa = XCBuildConfiguration;
			baseConfigurationReference = E9BAD0CA7CD569DB40407340 /* Pods-naver-music-for-mac.debug.xcconfig */;
			buildSettings = {
				ASSETCATALOG_COMPILER_APPICON_NAME = AppIcon;
				CODE_SIGN_ENTITLEMENTS = "naver-music-for-mac/naver_music_for_mac.entitlements";
				CODE_SIGN_STYLE = Automatic;
				COMBINE_HIDPI_IMAGES = YES;
				INFOPLIST_FILE = "naver-music-for-mac/Info.plist";
				LD_RUNPATH_SEARCH_PATHS = "$(inherited) @executable_path/../Frameworks";
				PRODUCT_BUNDLE_IDENTIFIER = "net.jisoo.naver-music-for-mac";
				PRODUCT_MODULE_NAME = naver_music_for_mac;
				PRODUCT_NAME = "네이버 뮤직";
				SWIFT_VERSION = 4.0;
			};
			name = Debug;
		};
		E837906220A086BE006BCBBF /* Release */ = {
			isa = XCBuildConfiguration;
			baseConfigurationReference = 7C088D875D5E3480DFE3C105 /* Pods-naver-music-for-mac.release.xcconfig */;
			buildSettings = {
				ASSETCATALOG_COMPILER_APPICON_NAME = AppIcon;
				CODE_SIGN_ENTITLEMENTS = "naver-music-for-mac/naver_music_for_mac.entitlements";
				CODE_SIGN_STYLE = Automatic;
				COMBINE_HIDPI_IMAGES = YES;
				INFOPLIST_FILE = "naver-music-for-mac/Info.plist";
				LD_RUNPATH_SEARCH_PATHS = "$(inherited) @executable_path/../Frameworks";
				PRODUCT_BUNDLE_IDENTIFIER = "net.jisoo.naver-music-for-mac";
				PRODUCT_MODULE_NAME = naver_music_for_mac;
				PRODUCT_NAME = "네이버 뮤직";
				SWIFT_VERSION = 4.0;
			};
			name = Release;
		};
		E837906420A086BE006BCBBF /* Debug */ = {
			isa = XCBuildConfiguration;
			baseConfigurationReference = FE24D2F5A83349241FD9881F /* Pods-naver-music-for-macTests.debug.xcconfig */;
			buildSettings = {
				ALWAYS_EMBED_SWIFT_STANDARD_LIBRARIES = YES;
				BUNDLE_LOADER = "$(TEST_HOST)";
				CODE_SIGN_STYLE = Automatic;
				COMBINE_HIDPI_IMAGES = YES;
				INFOPLIST_FILE = "naver-music-for-macTests/Info.plist";
				LD_RUNPATH_SEARCH_PATHS = "$(inherited) @executable_path/../Frameworks @loader_path/../Frameworks";
				PRODUCT_BUNDLE_IDENTIFIER = "net.jisoo.naver-music-for-macTests";
				PRODUCT_NAME = "$(TARGET_NAME)";
				SWIFT_VERSION = 4.0;
				TEST_HOST = "$(BUILT_PRODUCTS_DIR)/네이버 뮤직.app/Contents/MacOS/네이버 뮤직";
			};
			name = Debug;
		};
		E837906520A086BE006BCBBF /* Release */ = {
			isa = XCBuildConfiguration;
			baseConfigurationReference = 8097FFEA310C198CABC3865F /* Pods-naver-music-for-macTests.release.xcconfig */;
			buildSettings = {
				ALWAYS_EMBED_SWIFT_STANDARD_LIBRARIES = YES;
				BUNDLE_LOADER = "$(TEST_HOST)";
				CODE_SIGN_STYLE = Automatic;
				COMBINE_HIDPI_IMAGES = YES;
				INFOPLIST_FILE = "naver-music-for-macTests/Info.plist";
				LD_RUNPATH_SEARCH_PATHS = "$(inherited) @executable_path/../Frameworks @loader_path/../Frameworks";
				PRODUCT_BUNDLE_IDENTIFIER = "net.jisoo.naver-music-for-macTests";
				PRODUCT_NAME = "$(TARGET_NAME)";
				SWIFT_VERSION = 4.0;
				TEST_HOST = "$(BUILT_PRODUCTS_DIR)/네이버 뮤직.app/Contents/MacOS/네이버 뮤직";
			};
			name = Release;
		};
/* End XCBuildConfiguration section */

/* Begin XCConfigurationList section */
		E837904220A086BE006BCBBF /* Build configuration list for PBXProject "naver-music-for-mac" */ = {
			isa = XCConfigurationList;
			buildConfigurations = (
				E837905E20A086BE006BCBBF /* Debug */,
				E837905F20A086BE006BCBBF /* Release */,
			);
			defaultConfigurationIsVisible = 0;
			defaultConfigurationName = Release;
		};
		E837906020A086BE006BCBBF /* Build configuration list for PBXNativeTarget "naver-music-for-mac" */ = {
			isa = XCConfigurationList;
			buildConfigurations = (
				E837906120A086BE006BCBBF /* Debug */,
				E837906220A086BE006BCBBF /* Release */,
			);
			defaultConfigurationIsVisible = 0;
			defaultConfigurationName = Release;
		};
		E837906320A086BE006BCBBF /* Build configuration list for PBXNativeTarget "naver-music-for-macTests" */ = {
			isa = XCConfigurationList;
			buildConfigurations = (
				E837906420A086BE006BCBBF /* Debug */,
				E837906520A086BE006BCBBF /* Release */,
			);
			defaultConfigurationIsVisible = 0;
			defaultConfigurationName = Release;
		};
/* End XCConfigurationList section */
	};
	rootObject = E837903F20A086BE006BCBBF /* Project object */;
}
